{
  "lockfileVersion": 1,
  "configVersion": 1,
  "workspaces": {
    "": {
      "name": "opencode-architect",
      "dependencies": {
        "@opencode-ai/plugin": "^1.1.42",
        "@opencode-ai/sdk": "^1.1.42",
        "@typescript/native-preview": "^7.0.0-dev.20260206.1",
      },
      "devDependencies": {
        "@types/bun": "latest",
      },
      "peerDependencies": {
        "typescript": "^5",
      },
    },
  },
  "packages": {
    "@opencode-ai/plugin": ["@opencode-ai/plugin@1.1.42", "", { "dependencies": { "@opencode-ai/sdk": "1.1.42", "zod": "4.1.8" } }, "sha512-pKPGUSo980tlpfkeK1heKi+FyY5uAa8CffQ8CEvfmTiHkHhZaw0Cz79cSi2iWYxLzGgx4pQWUoq2YdVBiMWYHw=="],

    "@opencode-ai/sdk": ["@opencode-ai/sdk@1.1.42", "", {}, "sha512-QuTJgnzmsQ+CF/mr9nu+FQGv2cMwGMsnWd7eOF0YLuXKOzpx+xlBkUGdZz8l0n3I+7ix8iiMZbTw4laAG8vIqA=="],

    "@types/bun": ["@types/bun@1.3.7", "", { "dependencies": { "bun-types": "1.3.7" } }, "sha512-lmNuMda+Z9b7tmhA0tohwy8ZWFSnmQm1UDWXtH5r9F7wZCfkeO3Jx7wKQ1EOiKq43yHts7ky6r8SDJQWRNupkA=="],

    "@types/node": ["@types/node@25.1.0", "", { "dependencies": { "undici-types": "~7.16.0" } }, "sha512-t7frlewr6+cbx+9Ohpl0NOTKXZNV9xHRmNOvql47BFJKcEG1CxtxlPEEe+gR9uhVWM4DwhnvTF110mIL4yP9RA=="],

    "@typescript/native-preview": ["@typescript/native-preview@7.0.0-dev.20260206.1", "", { "optionalDependencies": { "@typescript/native-preview-darwin-arm64": "7.0.0-dev.20260206.1", "@typescript/native-preview-darwin-x64": "7.0.0-dev.20260206.1", "@typescript/native-preview-linux-arm": "7.0.0-dev.20260206.1", "@typescript/native-preview-linux-arm64": "7.0.0-dev.20260206.1", "@typescript/native-preview-linux-x64": "7.0.0-dev.20260206.1", "@typescript/native-preview-win32-arm64": "7.0.0-dev.20260206.1", "@typescript/native-preview-win32-x64": "7.0.0-dev.20260206.1" }, "bin": { "tsgo": "bin/tsgo.js" } }, "sha512-863vBkK6A63Xa4P0839GqndGrGDtH4g8I6TQ4mGVJofSyOpPKTMeTrQZ/nyOEn4kvCLuGn4d3rf20Tn1U2wU7g=="],

    "@typescript/native-preview-darwin-arm64": ["@typescript/native-preview-darwin-arm64@7.0.0-dev.20260206.1", "", { "os": "darwin", "cpu": "arm64" }, "sha512-C45zT/4VU6Wk61aisaa+EzY4Sqvd4newgkD7GNOj/alprtpuUBr9tKFGFMrFVd/oANTcZS/NHGW6QJfmi+LS3A=="],

    "@typescript/native-preview-darwin-x64": ["@typescript/native-preview-darwin-x64@7.0.0-dev.20260206.1", "", { "os": "darwin", "cpu": "x64" }, "sha512-nPCkbgeSYjVarfBcgdZMzG4oiM9CQSinYFu5PLL66X9N+R5dwhynw5V5ZpT+i6ax5v63pTH5e5U99iwmJzSN8w=="],

    "@typescript/native-preview-linux-arm": ["@typescript/native-preview-linux-arm@7.0.0-dev.20260206.1", "", { "os": "linux", "cpu": "arm" }, "sha512-kDLszfVMQcfT8pFG7LTbE+pVePrhV2X0Bz0Tx0Hn+dQFWACrfDMYlLgtW1w7RFjIUM5F1hwnbnqTDI/1hV4W6Q=="],

    "@typescript/native-preview-linux-arm64": ["@typescript/native-preview-linux-arm64@7.0.0-dev.20260206.1", "", { "os": "linux", "cpu": "arm64" }, "sha512-zK+jrh3paRCfathNDb1bt0MWzfBxuFANmPoxyvK7610Gykv1P78VIAIN3Blbc9O1ZMxR4fuBIHz963kcRhZvCw=="],

    "@typescript/native-preview-linux-x64": ["@typescript/native-preview-linux-x64@7.0.0-dev.20260206.1", "", { "os": "linux", "cpu": "x64" }, "sha512-Uk7d+OsrHkVt6L/wARY0RuN73iyNJmyGjegkeu5m190cGwpJq/eqgQgy2Kt6FAylKQhjIXgfLgIvPgAHPab1Lw=="],

    "@typescript/native-preview-win32-arm64": ["@typescript/native-preview-win32-arm64@7.0.0-dev.20260206.1", "", { "os": "win32", "cpu": "arm64" }, "sha512-RQkM/jXUA5dVyBjxBRsgSmY9dfJXgC5FUTs9srBw+ZYdX1ARMQyuAxApwTQhhM1rDmjT2lFvpnc1/VZ33wSOEw=="],

    "@typescript/native-preview-win32-x64": ["@typescript/native-preview-win32-x64@7.0.0-dev.20260206.1", "", { "os": "win32", "cpu": "x64" }, "sha512-wnVqQEJSvYzqG3tYXFK93nqBWxNCSoKxQrnt5BLwn0iScPmUOfLgHf61dLr5sOG8fqUjkhLFH/gW+DfePclEfw=="],

    "bun-types": ["bun-types@1.3.7", "", { "dependencies": { "@types/node": "*" } }, "sha512-qyschsA03Qz+gou+apt6HNl6HnI+sJJLL4wLDke4iugsE6584CMupOtTY1n+2YC9nGVrEKUlTs99jjRLKgWnjQ=="],

    "typescript": ["typescript@5.9.3", "", { "bin": { "tsc": "bin/tsc", "tsserver": "bin/tsserver" } }, "sha512-jl1vZzPDinLr9eUt3J/t7V6FgNEw9QjvBPdysz9KfQDD41fQrC2Y4vKQdiaUpFT4bXlb1RHhLpp8wtm6M5TgSw=="],

    "undici-types": ["undici-types@7.16.0", "", {}, "sha512-Zz+aZWSj8LE6zoxD+xrjh4VfkIG8Ya6LvYkZqtUQGJPZjYl53ypCaUwWqo7eI0x66KBGeRo+mlBEkMSeSZ38Nw=="],

    "zod": ["zod@4.1.8", "", {}, "sha512-5R1P+WwQqmmMIEACyzSvo4JXHY5WiAFHRMg+zBZKgKS+Q1viRa0C1hmUKtHltoIFKtIdki3pRxkmpP74jnNYHQ=="],
  }
}
